
Microsoft Visual Studio Solution File, Format Version 12.00
# Visual Studio Version 17
VisualStudioVersion = 17.5.002.0
MinimumVisualStudioVersion = 10.0.40219.1
Project("{2150E333-8FDC-42A3-9474-1A3956D46DE8}") = "UbyAPI", "UbyAPI", "{A83AD60D-39FD-42EF-A4E5-4CBF219F0ECF}"
EndProject
Project("{9A19103F-16F7-4668-BE54-9A1E7A4F7556}") = "UbyApi", "UbyAPI\UbyApi\UbyApi.csproj", "{0CAB904B-3DA0-4FC8-9CAB-6327B1B625FE}"
EndProject
Global
	GlobalSection(SolutionConfigurationPlatforms) = preSolution
		Debug|Any CPU = Debug|Any CPU
		Release|Any CPU = Release|Any CPU
	EndGlobalSection
	GlobalSection(ProjectConfigurationPlatforms) = postSolution
		{0CAB904B-3DA0-4FC8-9CAB-6327B1B625FE}.Debug|Any CPU.ActiveCfg = Debug|Any CPU
		{0CAB904B-3DA0-4FC8-9CAB-6327B1B625FE}.Debug|Any CPU.Build.0 = Debug|Any CPU
		{0CAB904B-3DA0-4FC8-9CAB-6327B1B625FE}.Release|Any CPU.ActiveCfg = Release|Any CPU
		{0CAB904B-3DA0-4FC8-9CAB-6327B1B625FE}.Release|Any CPU.Build.0 = Release|Any CPU
	EndGlobalSection
	GlobalSection(SolutionProperties) = preSolution
		HideSolutionNode = FALSE
	EndGlobalSection
	GlobalSection(NestedProjects) = preSolution
		{0CAB904B-3DA0-4FC8-9CAB-6327B1B625FE} = {A83AD60D-39FD-42EF-A4E5-4CBF219F0ECF}
	EndGlobalSection
	GlobalSection(ExtensibilityGlobals) = postSolution
		SolutionGuid = {68D607DD-D88A-48B5-9F2C-DDC70C54F273}
	EndGlobalSection
EndGlobal
